// !$*UTF8*$!
{
	archiveVersion = 1;
	classes = {
	};
	objectVersion = 77;
	objects = {

/* Begin PBXBuildFile section */
		5490674DF950629AC4D25B4F /* DriverNotifications.swift in Sources */ = {isa = PBXBuildFile; fileRef = AF72EFAEE7CB3D6A98BA72E0 /* DriverNotifications.swift */; };
		92DA45FC128D10D51A3E83C5 /* MMPatriotsDispatchApp.swift in Sources */ = {isa = PBXBuildFile; fileRef = D04072765609CEEBE1C4FF81 /* MMPatriotsDispatchApp.swift */; };
		C22D82DEDF833D51410612C7 /* assigned.wav in Resources */ = {isa = PBXBuildFile; fileRef = 80EDF90D15C0C87FD6AABE4C /* assigned.wav */; };
		DAF964AD587FEF14A2BDEF31 /* cancelled.wav in Resources */ = {isa = PBXBuildFile; fileRef = C3992C358CBDF8C1817726EB /* cancelled.wav */; };
		AA00000000000000000000012 /* Assets.xcassets in Resources */ = {isa = PBXBuildFile; fileRef = AA00000000000000000000011; };
		AA00000000000000000000022 /* PrivacyInfo.xcprivacy in Resources */ = {isa = PBXBuildFile; fileRef = AA00000000000000000000021; };
/* End PBXBuildFile section */

/* Begin PBXFileReference section */
		2F0F059E0558B2B475ED91EB /* MMPatriotsDispatch.app */ = {isa = PBXFileReference; includeInIndex = 0; lastKnownFileType = wrapper.application; path = MMPatriotsDispatch.app; sourceTree = BUILT_PRODUCTS_DIR; };
		453E9ED5CE3E58D7F78DD5F4 /* Info.plist */ = {isa = PBXFileReference; lastKnownFileType = text.plist; path = Info.plist; sourceTree = "<group>"; };
		80EDF90D15C0C87FD6AABE4C /* assigned.wav */ = {isa = PBXFileReference; lastKnownFileType = audio.wav; path = assigned.wav; sourceTree = "<group>"; };
		AF72EFAEE7CB3D6A98BA72E0 /* DriverNotifications.swift */ = {isa = PBXFileReference; lastKnownFileType = sourcecode.swift; path = DriverNotifications.swift; sourceTree = "<group>"; };
		C3992C358CBDF8C1817726EB /* cancelled.wav */ = {isa = PBXFileReference; lastKnownFileType = audio.wav; path = cancelled.wav; sourceTree = "<group>"; };
		D04072765609CEEBE1C4FF81 /* MMPatriotsDispatchApp.swift */ = {isa = PBXFileReference; lastKnownFileType = sourcecode.swift; path = MMPatriotsDispatchApp.swift; sourceTree = "<group>"; };
		AA00000000000000000000011 /* Assets.xcassets */ = {isa = PBXFileReference; lastKnownFileType = folder.assetcatalog; path = Assets.xcassets; sourceTree = "<group>"; };
		AA00000000000000000000021 /* PrivacyInfo.xcprivacy */ = {isa = PBXFileReference; lastKnownFileType = text.xml; path = PrivacyInfo.xcprivacy; sourceTree = "<group>"; };
/* End PBXFileReference section */

/* Begin PBXGroup section */
		4889FC3C20F3373921C54E4D /* Sounds */ = {
			isa = PBXGroup;
			children = (
				80EDF90D15C0C87FD6AABE4C /* assigned.wav */,
				C3992C358CBDF8C1817726EB /* cancelled.wav */,
			);
			path = Sounds;
			sourceTree = "<group>";
		};
		95C31EB7541E15D931720E7B = {
			isa = PBXGroup;
			children = (
				FD9386B66BDF490F8D5AFEDF /* Sources */,
				F4EC5339970DB1C4E415E025 /* Products */,
			);
			sourceTree = "<group>";
		};
		F4EC5339970DB1C4E415E025 /* Products */ = {
			isa = PBXGroup;
			children = (
				2F0F059E0558B2B475ED91EB /* MMPatriotsDispatch.app */,
			);
			name = Products;
			sourceTree = "<group>";
		};
		FD9386B66BDF490F8D5AFEDF /* Sources */ = {
			isa = PBXGroup;
			children = (
				AA00000000000000000000011 /* Assets.xcassets */,
				AA00000000000000000000021 /* PrivacyInfo.xcprivacy */,
				AF72EFAEE7CB3D6A98BA72E0 /* DriverNotifications.swift */,
				453E9ED5CE3E58D7F78DD5F4 /* Info.plist */,
				D04072765609CEEBE1C4FF81 /* MMPatriotsDispatchApp.swift */,
				4889FC3C20F3373921C54E4D /* Sounds */,
			);
			path = Sources;
			sourceTree = "<group>";
		};
/* End PBXGroup section */

/* Begin PBXNativeTarget section */
		B26685A42F397BF73C1CADC4 /* MMPatriotsDispatch */ = {
			isa = PBXNativeTarget;
			buildConfigurationList = 98E4951B593289B71CE98F4C /* Build configuration list for PBXNativeTarget "MMPatriotsDispatch" */;
			buildPhases = (
				ABC26CE78C9B0D22689B84F2 /* Sources */,
				DAA7D7B5E47C81CC418337DF /* Resources */,
			);
			buildRules = (
			);
			dependencies = (
			);
			name = MMPatriotsDispatch;
			packageProductDependencies = (
			);
			productName = MMPatriotsDispatch;
			productReference = 2F0F059E0558B2B475ED91EB /* MMPatriotsDispatch.app */;
			productType = "com.apple.product-type.application";
		};
/* End PBXNativeTarget section */

/* Begin PBXProject section */
		10C24EFA302549D41D4460FB /* Project object */ = {
			isa = PBXProject;
			attributes = {
				BuildIndependentTargetsInParallel = YES;
				LastUpgradeCheck = 1430;
				TargetAttributes = {
					B26685A42F397BF73C1CADC4 = {
						ProvisioningStyle = Automatic;
					};
				};
			};
			buildConfigurationList = 41B286EFB4B8EF1BBABF9111 /* Build configuration list for PBXProject "MMPatriotsDispatch" */;
			developmentRegion = en;
			hasScannedForEncodings = 0;
			knownRegions = (
				Base,
				en,
			);
			mainGroup = 95C31EB7541E15D931720E7B;
			minimizedProjectReferenceProxies = 1;
			preferredProjectObjectVersion = 77;
			productRefGroup = F4EC5339970DB1C4E415E025 /* Products */;
			projectDirPath = "";
			projectRoot = "";
			targets = (
				B26685A42F397BF73C1CADC4 /* MMPatriotsDispatch */,
			);
		};
/* End PBXProject section */

/* Begin PBXResourcesBuildPhase section */
		DAA7D7B5E47C81CC418337DF /* Resources */ = {
			isa = PBXResourcesBuildPhase;
			buildActionMask = 2147483647;
			files = (
				AA00000000000000000000022 /* PrivacyInfo.xcprivacy in Resources */,
				AA00000000000000000000012 /* Assets.xcassets in Resources */,
				C22D82DEDF833D51410612C7 /* assigned.wav in Resources */,
				DAF964AD587FEF14A2BDEF31 /* cancelled.wav in Resources */,
			);
			runOnlyForDeploymentPostprocessing = 0;
		};
/* End PBXResourcesBuildPhase section */

/* Begin PBXSourcesBuildPhase section */
		ABC26CE78C9B0D22689B84F2 /* Sources */ = {
			isa = PBXSourcesBuildPhase;
			buildActionMask = 2147483647;
			files = (
				5490674DF950629AC4D25B4F /* DriverNotifications.swift in Sources */,
				92DA45FC128D10D51A3E83C5 /* MMPatriotsDispatchApp.swift in Sources */,
			);
			runOnlyForDeploymentPostprocessing = 0;
		};
/* End PBXSourcesBuildPhase section */

/* Begin XCBuildConfiguration section */
		2A3BC4C5B7CE865CAFA4E4F1 /* Release */ = {
			isa = XCBuildConfiguration;
			buildSettings = {
				ALWAYS_SEARCH_USER_PATHS = NO;
				CLANG_ANALYZER_NONNULL = YES;
				CLANG_ANALYZER_NUMBER_OBJECT_CONVERSION = YES_AGGRESSIVE;
				CLANG_CXX_LANGUAGE_STANDARD = "gnu++14";
				CLANG_CXX_LIBRARY = "libc++";
				CLANG_ENABLE_MODULES = YES;
				CLANG_ENABLE_OBJC_ARC = YES;
				CLANG_ENABLE_OBJC_WEAK = YES;
				CLANG_WARN_BLOCK_CAPTURE_AUTORELEASING = YES;
				CLANG_WARN_BOOL_CONVERSION = YES;
				CLANG_WARN_COMMA = YES;
				CLANG_WARN_CONSTANT_CONVERSION = YES;
				CLANG_WARN_DEPRECATED_OBJC_IMPLEMENTATIONS = YES;
				CLANG_WARN_DIRECT_OBJC_ISA_USAGE = YES_ERROR;
				CLANG_WARN_DOCUMENTATION_COMMENTS = YES;
				CLANG_WARN_EMPTY_BODY = YES;
				CLANG_WARN_ENUM_CONVERSION = YES;
				CLANG_WARN_INFINITE_RECURSION = YES;
				CLANG_WARN_INT_CONVERSION = YES;
				CLANG_WARN_NON_LITERAL_NULL_CONVERSION = YES;
				CLANG_WARN_OBJC_IMPLICIT_RETAIN_SELF = YES;
				CLANG_WARN_OBJC_LITERAL_CONVERSION = YES;
				CLANG_WARN_OBJC_ROOT_CLASS = YES_ERROR;
				CLANG_WARN_QUOTED_INCLUDE_IN_FRAMEWORK_HEADER = YES;
				CLANG_WARN_RANGE_LOOP_ANALYSIS = YES;
				CLANG_WARN_STRICT_PROTOTYPES = YES;
				CLANG_WARN_SUSPICIOUS_MOVE = YES;
				CLANG_WARN_UNGUARDED_AVAILABILITY = YES_AGGRESSIVE;
				CLANG_WARN_UNREACHABLE_CODE = YES;
				CLANG_WARN__DUPLICATE_METHOD_MATCH = YES;
				COPY_PHASE_STRIP = NO;
				DEBUG_INFORMATION_FORMAT = "dwarf-with-dsym";
				ENABLE_NS_ASSERTIONS = NO;
				ENABLE_STRICT_OBJC_MSGSEND = YES;
				GCC_C_LANGUAGE_STANDARD = gnu11;
				GCC_NO_COMMON_BLOCKS = YES;
				GCC_WARN_64_TO_32_BIT_CONVERSION = YES;
				GCC_WARN_ABOUT_RETURN_TYPE = YES_ERROR;
				GCC_WARN_UNDECLARED_SELECTOR = YES;
				GCC_WARN_UNINITIALIZED_AUTOS = YES_AGGRESSIVE;
				GCC_WARN_UNUSED_FUNCTION = YES;
				GCC_WARN_UNUSED_VARIABLE = YES;
				IPHONEOS_DEPLOYMENT_TARGET = 16.0;
				MTL_ENABLE_DEBUG_INFO = NO;
				MTL_FAST_MATH = YES;
				PRODUCT_NAME = "$(TARGET_NAME)";
				SDKROOT = iphoneos;
				SWIFT_COMPILATION_MODE = wholemodule;
				SWIFT_OPTIMIZATION_LEVEL = "-O";
				SWIFT_VERSION = 5.0;
			};
			name = Release;
		};
		96CDA013C091CDF5ED2CBEE1 /* Debug */ = {
			isa = XCBuildConfiguration;
			buildSettings = {
				ALWAYS_SEARCH_USER_PATHS = NO;
				CLANG_ANALYZER_NONNULL = YES;
				CLANG_ANALYZER_NUMBER_OBJECT_CONVERSION = YES_AGGRESSIVE;
				CLANG_CXX_LANGUAGE_STANDARD = "gnu++14";
				CLANG_CXX_LIBRARY = "libc++";
				CLANG_ENABLE_MODULES = YES;
				CLANG_ENABLE_OBJC_ARC = YES;
				CLANG_ENABLE_OBJC_WEAK = YES;
				CLANG_WARN_BLOCK_CAPTURE_AUTORELEASING = YES;
				CLANG_WARN_BOOL_CONVERSION = YES;
				CLANG_WARN_COMMA = YES;
				CLANG_WARN_CONSTANT_CONVERSION = YES;
				CLANG_WARN_DEPRECATED_OBJC_IMPLEMENTATIONS = YES;
				CLANG_WARN_DIRECT_OBJC_ISA_USAGE = YES_ERROR;
				CLANG_WARN_DOCUMENTATION_COMMENTS = YES;
				CLANG_WARN_EMPTY_BODY = YES;
				CLANG_WARN_ENUM_CONVERSION = YES;
				CLANG_WARN_INFINITE_RECURSION = YES;
				CLANG_WARN_INT_CONVERSION = YES;
				CLANG_WARN_NON_LITERAL_NULL_CONVERSION = YES;
				CLANG_WARN_OBJC_IMPLICIT_RETAIN_SELF = YES;
				CLANG_WARN_OBJC_LITERAL_CONVERSION = YES;
				CLANG_WARN_OBJC_ROOT_CLASS = YES_ERROR;
				CLANG_WARN_QUOTED_INCLUDE_IN_FRAMEWORK_HEADER = YES;
				CLANG_WARN_RANGE_LOOP_ANALYSIS = YES;
				CLANG_WARN_STRICT_PROTOTYPES = YES;
				CLANG_WARN_SUSPICIOUS_MOVE = YES;
				CLANG_WARN_UNGUARDED_AVAILABILITY = YES_AGGRESSIVE;
				CLANG_WARN_UNREACHABLE_CODE = YES;
				CLANG_WARN__DUPLICATE_METHOD_MATCH = YES;
				COPY_PHASE_STRIP = NO;
				DEBUG_INFORMATION_FORMAT = dwarf;
				ENABLE_STRICT_OBJC_MSGSEND = YES;
				ENABLE_TESTABILITY = YES;
				GCC_C_LANGUAGE_STANDARD = gnu11;
				GCC_DYNAMIC_NO_PIC = NO;
				GCC_NO_COMMON_BLOCKS = YES;
				GCC_OPTIMIZATION_LEVEL = 0;
				GCC_PREPROCESSOR_DEFINITIONS = (
					"$(inherited)",
					"DEBUG=1",
				);
				GCC_WARN_64_TO_32_BIT_CONVERSION = YES;
				GCC_WARN_ABOUT_RETURN_TYPE = YES_ERROR;
				GCC_WARN_UNDECLARED_SELECTOR = YES;
				GCC_WARN_UNINITIALIZED_AUTOS = YES_AGGRESSIVE;
				GCC_WARN_UNUSED_FUNCTION = YES;
				GCC_WARN_UNUSED_VARIABLE = YES;
				IPHONEOS_DEPLOYMENT_TARGET = 16.0;
				MTL_ENABLE_DEBUG_INFO = INCLUDE_SOURCE;
				MTL_FAST_MATH = YES;
				ONLY_ACTIVE_ARCH = YES;
				PRODUCT_NAME = "$(TARGET_NAME)";
				SDKROOT = iphoneos;
				SWIFT_ACTIVE_COMPILATION_CONDITIONS = DEBUG;
				SWIFT_OPTIMIZATION_LEVEL = "-Onone";
				SWIFT_VERSION = 5.0;
			};
			name = Debug;
		};
		9F4A410092CAD96CB6EF3A94 /* Release */ = {
			isa = XCBuildConfiguration;
			buildSettings = {
				ASSETCATALOG_COMPILER_APPICON_NAME = AppIcon;
				CODE_SIGN_IDENTITY = "iPhone Developer";
				CODE_SIGN_STYLE = Automatic;
				CURRENT_PROJECT_VERSION = 4;
				DEVELOPMENT_TEAM = YX85WZ98J8;
				ASSETCATALOG_COMPILER_APPICON_NAME = AppIcon;
				GENERATE_INFOPLIST_FILE = NO;
				INFOPLIST_FILE = Sources/Info.plist;
				LD_RUNPATH_SEARCH_PATHS = (
					"$(inherited)",
					"@executable_path/Frameworks",
				);
				MARKETING_VERSION = 1.0;
				PRODUCT_BUNDLE_IDENTIFIER = com.mmpatriots.nemt;
				SDKROOT = iphoneos;
				SWIFT_VERSION = 5.0;
				TARGETED_DEVICE_FAMILY = "1,2";
			};
			name = Release;
		};
		A8DE9BA697E8A95E85B58797 /* Debug */ = {
			isa = XCBuildConfiguration;
			buildSettings = {
				ASSETCATALOG_COMPILER_APPICON_NAME = AppIcon;
				CODE_SIGN_IDENTITY = "iPhone Developer";
				CODE_SIGN_STYLE = Automatic;
				CURRENT_PROJECT_VERSION = 4;
				DEVELOPMENT_TEAM = YX85WZ98J8;
				ASSETCATALOG_COMPILER_APPICON_NAME = AppIcon;
				GENERATE_INFOPLIST_FILE = NO;
				INFOPLIST_FILE = Sources/Info.plist;
				LD_RUNPATH_SEARCH_PATHS = (
					"$(inherited)",
					"@executable_path/Frameworks",
				);
				MARKETING_VERSION = 1.0;
				PRODUCT_BUNDLE_IDENTIFIER = com.mmpatriots.nemt;
				SDKROOT = iphoneos;
				SWIFT_VERSION = 5.0;
				TARGETED_DEVICE_FAMILY = "1,2";
			};
			name = Debug;
		};
/* End XCBuildConfiguration section */

/* Begin XCConfigurationList section */
		41B286EFB4B8EF1BBABF9111 /* Build configuration list for PBXProject "MMPatriotsDispatch" */ = {
			isa = XCConfigurationList;
			buildConfigurations = (
				96CDA013C091CDF5ED2CBEE1 /* Debug */,
				2A3BC4C5B7CE865CAFA4E4F1 /* Release */,
			);
			defaultConfigurationIsVisible = 0;
			defaultConfigurationName = Debug;
		};
		98E4951B593289B71CE98F4C /* Build configuration list for PBXNativeTarget "MMPatriotsDispatch" */ = {
			isa = XCConfigurationList;
			buildConfigurations = (
				A8DE9BA697E8A95E85B58797 /* Debug */,
				9F4A410092CAD96CB6EF3A94 /* Release */,
			);
			defaultConfigurationIsVisible = 0;
			defaultConfigurationName = Debug;
		};
/* End XCConfigurationList section */
	};
	rootObject = 10C24EFA302549D41D4460FB /* Project object */;
}
